
Microsoft Visual Studio Solution File, Format Version 12.00
# Visual Studio Version 17
VisualStudioVersion = 17.10.35013.160
MinimumVisualStudioVersion = 10.0.40219.1
Project("{FAE04EC0-301F-11D3-BF4B-00C04F79EFBC}") = "ConsoleSnake", "ConsoleSnake\ConsoleSnake.csproj", "{498BE0DB-D57B-44A1-962C-60A10BB3EDEB}"
EndProject
Global
	GlobalSection(SolutionConfigurationPlatforms) = preSolution
		Debug|Any CPU = Debug|Any CPU
		Release|Any CPU = Release|Any CPU
	EndGlobalSection
	GlobalSection(ProjectConfigurationPlatforms) = postSolution
		{498BE0DB-D57B-44A1-962C-60A10BB3EDEB}.Debug|Any CPU.ActiveCfg = Debug|Any CPU
		{498BE0DB-D57B-44A1-962C-60A10BB3EDEB}.Debug|Any CPU.Build.0 = Debug|Any CPU
		{498BE0DB-D57B-44A1-962C-60A10BB3EDEB}.Release|Any CPU.ActiveCfg = Release|Any CPU
		{498BE0DB-D57B-44A1-962C-60A10BB3EDEB}.Release|Any CPU.Build.0 = Release|Any CPU
	EndGlobalSection
	GlobalSection(SolutionProperties) = preSolution
		HideSolutionNode = FALSE
	EndGlobalSection
	GlobalSection(ExtensibilityGlobals) = postSolution
		SolutionGuid = {C9D28503-034E-4966-B6D5-7A489FE38534}
	EndGlobalSection
EndGlobal
